
Microsoft Visual Studio Solution File, Format Version 12.00
Project("{FAE04EC0-301F-11D3-BF4B-00C04F79EFBC}") = "NsvMvcApp", "NsvMvcApp\NsvMvcApp.csproj", "{CBA08EBB-D7BA-445F-B76F-DA9BA2BA31A4}"
EndProject
Global
	GlobalSection(SolutionConfigurationPlatforms) = preSolution
		Debug|Any CPU = Debug|Any CPU
		Release|Any CPU = Release|Any CPU
	EndGlobalSection
	GlobalSection(ProjectConfigurationPlatforms) = postSolution
		{CBA08EBB-D7BA-445F-B76F-DA9BA2BA31A4}.Debug|Any CPU.ActiveCfg = Debug|Any CPU
		{CBA08EBB-D7BA-445F-B76F-DA9BA2BA31A4}.Debug|Any CPU.Build.0 = Debug|Any CPU
		{CBA08EBB-D7BA-445F-B76F-DA9BA2BA31A4}.Release|Any CPU.ActiveCfg = Release|Any CPU
		{CBA08EBB-D7BA-445F-B76F-DA9BA2BA31A4}.Release|Any CPU.Build.0 = Release|Any CPU
	EndGlobalSection
EndGlobal
